
Microsoft Visual Studio Solution File, Format Version 12.00
# Visual Studio Version 17
VisualStudioVersion = 17.3.32922.545
MinimumVisualStudioVersion = 10.0.40219.1
Project("{FAE04EC0-301F-11D3-BF4B-00C04F79EFBC}") = "lab7_Sidorov", "lab7_Sidorov\lab7_Sidorov.csproj", "{34F1BA53-F687-4CE6-B191-A5C97C9F182C}"
EndProject
Global
	GlobalSection(SolutionConfigurationPlatforms) = preSolution
		Debug|Any CPU = Debug|Any CPU
		Release|Any CPU = Release|Any CPU
	EndGlobalSection
	GlobalSection(ProjectConfigurationPlatforms) = postSolution
		{34F1BA53-F687-4CE6-B191-A5C97C9F182C}.Debug|Any CPU.ActiveCfg = Debug|Any CPU
		{34F1BA53-F687-4CE6-B191-A5C97C9F182C}.Debug|Any CPU.Build.0 = Debug|Any CPU
		{34F1BA53-F687-4CE6-B191-A5C97C9F182C}.Release|Any CPU.ActiveCfg = Release|Any CPU
		{34F1BA53-F687-4CE6-B191-A5C97C9F182C}.Release|Any CPU.Build.0 = Release|Any CPU
	EndGlobalSection
	GlobalSection(SolutionProperties) = preSolution
		HideSolutionNode = FALSE
	EndGlobalSection
	GlobalSection(ExtensibilityGlobals) = postSolution
		SolutionGuid = {69FB3F8A-F678-4F5F-87EC-DDFDA3C6CC03}
	EndGlobalSection
EndGlobal
